github.com/quipo/statsd v0.0.0-20180118161217-3d6a5565f314 h1:86XpVGN4oVnVheHik6ioWg+1fOnWu1GgyNzV6cr2ifs=
github.com/quipo/statsd v0.0.0-20180118161217-3d6a5565f314/go.mod h1:1COUodqytMiv/GkAVUGhc0CA6e8xak5U4551TY7iEe0=
github.com/zenazn/goji v0.9.0 h1:RSQQAbXGArQ0dIDEq+PI6WqN6if+5KHu6x2Cx/GXLTQ=
github.com/zenazn/goji v0.9.0/go.mod h1:7S9M489iMyHBNxwZnk9/EHS098H4/F6TATF2mIxtB1Q=
